// !$*UTF8*$!
{
	archiveVersion = 1;
	classes = {
	};
	objectVersion = 50;
	objects = {

/* Begin PBXBuildFile section */
		84359C042AA186B0065796D5 /* Pods_lab11_snaptchat.framework in Frameworks */ = {isa = PBXBuildFile; fileRef = 7093215BD959F1865A1DEE84 /* Pods_lab11_snaptchat.framework */; };
		DB4515BE2AF1A8A300BA9876 /* AppDelegate.swift in Sources */ = {isa = PBXBuildFile; fileRef = DB4515BD2AF1A8A300BA9876 /* AppDelegate.swift */; };
		DB4515C02AF1A8A300BA9876 /* SceneDelegate.swift in Sources */ = {isa = PBXBuildFile; fileRef = DB4515BF2AF1A8A300BA9876 /* SceneDelegate.swift */; };
		DB4515C22AF1A8A300BA9876 /* ViewController.swift in Sources */ = {isa = PBXBuildFile; fileRef = DB4515C12AF1A8A300BA9876 /* ViewController.swift */; };
		DB4515C52AF1A8A300BA9876 /* Main.storyboard in Resources */ = {isa = PBXBuildFile; fileRef = DB4515C32AF1A8A300BA9876 /* Main.storyboard */; };
		DB4515C72AF1A8AA00BA9876 /* Assets.xcassets in Resources */ = {isa = PBXBuildFile; fileRef = DB4515C62AF1A8AA00BA9876 /* Assets.xcassets */; };
		DB4515CA2AF1A8AA00BA9876 /* LaunchScreen.storyboard in Resources */ = {isa = PBXBuildFile; fileRef = DB4515C82AF1A8AA00BA9876 /* LaunchScreen.storyboard */; };
		DB4515D22AF1ADC700BA9876 /* GoogleService-Info.plist in Resources */ = {isa = PBXBuildFile; fileRef = DB4515D12AF1ADC700BA9876 /* GoogleService-Info.plist */; };
/* End PBXBuildFile section */

/* Begin PBXFileReference section */
		42AC99477139A832132CE4A3 /* Pods-lab11-snaptchat.debug.xcconfig */ = {isa = PBXFileReference; includeInIndex = 1; lastKnownFileType = text.xcconfig; name = "Pods-lab11-snaptchat.debug.xcconfig"; path = "Pods/Target Support Files/Pods-lab11-snaptchat/Pods-lab11-snaptchat.debug.xcconfig"; sourceTree = "<group>"; };
		48736DAF62F30FF92C807A1D /* Pods-lab11-snaptchat.release.xcconfig */ = {isa = PBXFileReference; includeInIndex = 1; lastKnownFileType = text.xcconfig; name = "Pods-lab11-snaptchat.release.xcconfig"; path = "Pods/Target Support Files/Pods-lab11-snaptchat/Pods-lab11-snaptchat.release.xcconfig"; sourceTree = "<group>"; };
		7093215BD959F1865A1DEE84 /* Pods_lab11_snaptchat.framework */ = {isa = PBXFileReference; explicitFileType = wrapper.framework; includeInIndex = 0; path = Pods_lab11_snaptchat.framework; sourceTree = BUILT_PRODUCTS_DIR; };
		DB4515BA2AF1A8A300BA9876 /* lab11-snaptchat.app */ = {isa = PBXFileReference; explicitFileType = wrapper.application; includeInIndex = 0; path = "lab11-snaptchat.app"; sourceTree = BUILT_PRODUCTS_DIR; };
		DB4515BD2AF1A8A300BA9876 /* AppDelegate.swift */ = {isa = PBXFileReference; lastKnownFileType = sourcecode.swift; path = AppDelegate.swift; sourceTree = "<group>"; };
		DB4515BF2AF1A8A300BA9876 /* SceneDelegate.swift */ = {isa = PBXFileReference; lastKnownFileType = sourcecode.swift; path = SceneDelegate.swift; sourceTree = "<group>"; };
		DB4515C12AF1A8A300BA9876 /* ViewController.swift */ = {isa = PBXFileReference; lastKnownFileType = sourcecode.swift; path = ViewController.swift; sourceTree = "<group>"; };
		DB4515C42AF1A8A300BA9876 /* Base */ = {isa = PBXFileReference; lastKnownFileType = file.storyboard; name = Base; path = Base.lproj/Main.storyboard; sourceTree = "<group>"; };
		DB4515C62AF1A8AA00BA9876 /* Assets.xcassets */ = {isa = PBXFileReference; lastKnownFileType = folder.assetcatalog; path = Assets.xcassets; sourceTree = "<group>"; };
		DB4515C92AF1A8AA00BA9876 /* Base */ = {isa = PBXFileReference; lastKnownFileType = file.storyboard; name = Base; path = Base.lproj/LaunchScreen.storyboard; sourceTree = "<group>"; };
		DB4515CB2AF1A8AA00BA9876 /* Info.plist */ = {isa = PBXFileReference; lastKnownFileType = text.plist.xml; path = Info.plist; sourceTree = "<group>"; };
		DB4515D12AF1ADC700BA9876 /* GoogleService-Info.plist */ = {isa = PBXFileReference; fileEncoding = 4; lastKnownFileType = text.plist.xml; path = "GoogleService-Info.plist"; sourceTree = "<group>"; };
/* End PBXFileReference section */

/* Begin PBXFrameworksBuildPhase section */
		DB4515B72AF1A8A300BA9876 /* Frameworks */ = {
			isa = PBXFrameworksBuildPhase;
			buildActionMask = 2147483647;
			files = (
				84359C042AA186B0065796D5 /* Pods_lab11_snaptchat.framework in Frameworks */,
			);
			runOnlyForDeploymentPostprocessing = 0;
		};
/* End PBXFrameworksBuildPhase section */

/* Begin PBXGroup section */
		8F91B3F601490811FA309032 /* Pods */ = {
			isa = PBXGroup;
			children = (
				42AC99477139A832132CE4A3 /* Pods-lab11-snaptchat.debug.xcconfig */,
				48736DAF62F30FF92C807A1D /* Pods-lab11-snaptchat.release.xcconfig */,
			);
			name = Pods;
			sourceTree = "<group>";
		};
		DB4515B12AF1A8A300BA9876 = {
			isa = PBXGroup;
			children = (
				DB4515BC2AF1A8A300BA9876 /* lab11-snaptchat */,
				DB4515BB2AF1A8A300BA9876 /* Products */,
				8F91B3F601490811FA309032 /* Pods */,
				F7F94B79507C8B341A8C7684 /* Frameworks */,
			);
			sourceTree = "<group>";
		};
		DB4515BB2AF1A8A300BA9876 /* Products */ = {
			isa = PBXGroup;
			children = (
				DB4515BA2AF1A8A300BA9876 /* lab11-snaptchat.app */,
			);
			name = Products;
			sourceTree = "<group>";
		};
		DB4515BC2AF1A8A300BA9876 /* lab11-snaptchat */ = {
			isa = PBXGroup;
			children = (
				DB4515D12AF1ADC700BA9876 /* GoogleService-Info.plist */,
				DB4515BD2AF1A8A300BA9876 /* AppDelegate.swift */,
				DB4515BF2AF1A8A300BA9876 /* SceneDelegate.swift */,
				DB4515C12AF1A8A300BA9876 /* ViewController.swift */,
				DB4515C32AF1A8A300BA9876 /* Main.storyboard */,
				DB4515C62AF1A8AA00BA9876 /* Assets.xcassets */,
				DB4515C82AF1A8AA00BA9876 /* LaunchScreen.storyboard */,
				DB4515CB2AF1A8AA00BA9876 /* Info.plist */,
			);
			path = "lab11-snaptchat";
			sourceTree = "<group>";
		};
		F7F94B79507C8B341A8C7684 /* Frameworks */ = {
			isa = PBXGroup;
			children = (
				7093215BD959F1865A1DEE84 /* Pods_lab11_snaptchat.framework */,
			);
			name = Frameworks;
			sourceTree = "<group>";
		};
/* End PBXGroup section */

/* Begin PBXNativeTarget section */
		DB4515B92AF1A8A300BA9876 /* lab11-snaptchat */ = {
			isa = PBXNativeTarget;
			buildConfigurationList = DB4515CE2AF1A8AA00BA9876 /* Build configuration list for PBXNativeTarget "lab11-snaptchat" */;
			buildPhases = (
				BCB0CEBCB20F0E14FA86B958 /* [CP] Check Pods Manifest.lock */,
				DB4515B62AF1A8A300BA9876 /* Sources */,
				DB4515B72AF1A8A300BA9876 /* Frameworks */,
				DB4515B82AF1A8A300BA9876 /* Resources */,
				AE934E1B8E196EF1B7F9DC96 /* [CP] Embed Pods Frameworks */,
			);
			buildRules = (
			);
			dependencies = (
			);
			name = "lab11-snaptchat";
			productName = "lab11-snaptchat";
			productReference = DB4515BA2AF1A8A300BA9876 /* lab11-snaptchat.app */;
			productType = "com.apple.product-type.application";
		};
/* End PBXNativeTarget section */

/* Begin PBXProject section */
		DB4515B22AF1A8A300BA9876 /* Project object */ = {
			isa = PBXProject;
			attributes = {
				LastSwiftUpdateCheck = 1130;
				LastUpgradeCheck = 1130;
				ORGANIZATIONNAME = cesar;
				TargetAttributes = {
					DB4515B92AF1A8A300BA9876 = {
						CreatedOnToolsVersion = 11.3.1;
					};
				};
			};
			buildConfigurationList = DB4515B52AF1A8A300BA9876 /* Build configuration list for PBXProject "lab11-snaptchat" */;
			compatibilityVersion = "Xcode 9.3";
			developmentRegion = en;
			hasScannedForEncodings = 0;
			knownRegions = (
				en,
				Base,
			);
			mainGroup = DB4515B12AF1A8A300BA9876;
			productRefGroup = DB4515BB2AF1A8A300BA9876 /* Products */;
			projectDirPath = "";
			projectRoot = "";
			targets = (
				DB4515B92AF1A8A300BA9876 /* lab11-snaptchat */,
			);
		};
/* End PBXProject section */

/* Begin PBXResourcesBuildPhase section */
		DB4515B82AF1A8A300BA9876 /* Resources */ = {
			isa = PBXResourcesBuildPhase;
			buildActionMask = 2147483647;
			files = (
				DB4515CA2AF1A8AA00BA9876 /* LaunchScreen.storyboard in Resources */,
				DB4515D22AF1ADC700BA9876 /* GoogleService-Info.plist in Resources */,
				DB4515C72AF1A8AA00BA9876 /* Assets.xcassets in Resources */,
				DB4515C52AF1A8A300BA9876 /* Main.storyboard in Resources */,
			);
			runOnlyForDeploymentPostprocessing = 0;
		};
/* End PBXResourcesBuildPhase section */

/* Begin PBXShellScriptBuildPhase section */
		AE934E1B8E196EF1B7F9DC96 /* [CP] Embed Pods Frameworks */ = {
			isa = PBXShellScriptBuildPhase;
			buildActionMask = 2147483647;
			files = (
			);
			inputPaths = (
				"${SRCROOT}/Pods/Target Support Files/Pods-lab11-snaptchat/Pods-lab11-snaptchat-frameworks.sh",
				"${BUILT_PRODUCTS_DIR}/FirebaseAppCheckInterop/FirebaseAppCheckInterop.framework",
				"${BUILT_PRODUCTS_DIR}/FirebaseAuth/FirebaseAuth.framework",
				"${BUILT_PRODUCTS_DIR}/FirebaseCore/FirebaseCore.framework",
				"${BUILT_PRODUCTS_DIR}/FirebaseCoreInternal/FirebaseCoreInternal.framework",
				"${BUILT_PRODUCTS_DIR}/GTMSessionFetcher/GTMSessionFetcher.framework",
				"${BUILT_PRODUCTS_DIR}/GoogleUtilities/GoogleUtilities.framework",
				"${BUILT_PRODUCTS_DIR}/PromisesObjC/FBLPromises.framework",
				"${BUILT_PRODUCTS_DIR}/RecaptchaInterop/RecaptchaInterop.framework",
			);
			name = "[CP] Embed Pods Frameworks";
			outputPaths = (
				"${TARGET_BUILD_DIR}/${FRAMEWORKS_FOLDER_PATH}/FirebaseAppCheckInterop.framework",
				"${TARGET_BUILD_DIR}/${FRAMEWORKS_FOLDER_PATH}/FirebaseAuth.framework",
				"${TARGET_BUILD_DIR}/${FRAMEWORKS_FOLDER_PATH}/FirebaseCore.framework",
				"${TARGET_BUILD_DIR}/${FRAMEWORKS_FOLDER_PATH}/FirebaseCoreInternal.framework",
				"${TARGET_BUILD_DIR}/${FRAMEWORKS_FOLDER_PATH}/GTMSessionFetcher.framework",
				"${TARGET_BUILD_DIR}/${FRAMEWORKS_FOLDER_PATH}/GoogleUtilities.framework",
				"${TARGET_BUILD_DIR}/${FRAMEWORKS_FOLDER_PATH}/FBLPromises.framework",
				"${TARGET_BUILD_DIR}/${FRAMEWORKS_FOLDER_PATH}/RecaptchaInterop.framework",
			);
			runOnlyForDeploymentPostprocessing = 0;
			shellPath = /bin/sh;
			shellScript = "\"${SRCROOT}/Pods/Target Support Files/Pods-lab11-snaptchat/Pods-lab11-snaptchat-frameworks.sh\"\n";
			showEnvVarsInLog = 0;
		};
		BCB0CEBCB20F0E14FA86B958 /* [CP] Check Pods Manifest.lock */ = {
			isa = PBXShellScriptBuildPhase;
			buildActionMask = 2147483647;
			files = (
			);
			inputPaths = (
				"${PODS_PODFILE_DIR_PATH}/Podfile.lock",
				"${PODS_ROOT}/Manifest.lock",
			);
			name = "[CP] Check Pods Manifest.lock";
			outputPaths = (
				"$(DERIVED_FILE_DIR)/Pods-lab11-snaptchat-checkManifestLockResult.txt",
			);
			runOnlyForDeploymentPostprocessing = 0;
			shellPath = /bin/sh;
			shellScript = "diff \"${PODS_PODFILE_DIR_PATH}/Podfile.lock\" \"${PODS_ROOT}/Manifest.lock\" > /dev/null\nif [ $? != 0 ] ; then\n    # print error to STDERR\n    echo \"error: The sandbox is not in sync with the Podfile.lock. Run 'pod install' or update your CocoaPods installation.\" >&2\n    exit 1\nfi\n# This output is used by Xcode 'outputs' to avoid re-running this script phase.\necho \"SUCCESS\" > \"${SCRIPT_OUTPUT_FILE_0}\"\n";
			showEnvVarsInLog = 0;
		};
/* End PBXShellScriptBuildPhase section */

/* Begin PBXSourcesBuildPhase section */
		DB4515B62AF1A8A300BA9876 /* Sources */ = {
			isa = PBXSourcesBuildPhase;
			buildActionMask = 2147483647;
			files = (
				DB4515C22AF1A8A300BA9876 /* ViewController.swift in Sources */,
				DB4515BE2AF1A8A300BA9876 /* AppDelegate.swift in Sources */,
				DB4515C02AF1A8A300BA9876 /* SceneDelegate.swift in Sources */,
			);
			runOnlyForDeploymentPostprocessing = 0;
		};
/* End PBXSourcesBuildPhase section */

/* Begin PBXVariantGroup section */
		DB4515C32AF1A8A300BA9876 /* Main.storyboard */ = {
			isa = PBXVariantGroup;
			children = (
				DB4515C42AF1A8A300BA9876 /* Base */,
			);
			name = Main.storyboard;
			sourceTree = "<group>";
		};
		DB4515C82AF1A8AA00BA9876 /* LaunchScreen.storyboard */ = {
			isa = PBXVariantGroup;
			children = (
				DB4515C92AF1A8AA00BA9876 /* Base */,
			);
			name = LaunchScreen.storyboard;
			sourceTree = "<group>";
		};
/* End PBXVariantGroup section */

/* Begin XCBuildConfiguration section */
		DB4515CC2AF1A8AA00BA9876 /* Debug */ = {
			isa = XCBuildConfiguration;
			buildSettings = {
				ALWAYS_SEARCH_USER_PATHS = NO;
				CLANG_ANALYZER_NONNULL = YES;
				CLANG_ANALYZER_NUMBER_OBJECT_CONVERSION = YES_AGGRESSIVE;
				CLANG_CXX_LANGUAGE_STANDARD = "gnu++14";
				CLANG_CXX_LIBRARY = "libc++";
				CLANG_ENABLE_MODULES = YES;
				CLANG_ENABLE_OBJC_ARC = YES;
				CLANG_ENABLE_OBJC_WEAK = YES;
				CLANG_WARN_BLOCK_CAPTURE_AUTORELEASING = YES;
				CLANG_WARN_BOOL_CONVERSION = YES;
				CLANG_WARN_COMMA = YES;
				CLANG_WARN_CONSTANT_CONVERSION = YES;
				CLANG_WARN_DEPRECATED_OBJC_IMPLEMENTATIONS = YES;
				CLANG_WARN_DIRECT_OBJC_ISA_USAGE = YES_ERROR;
				CLANG_WARN_DOCUMENTATION_COMMENTS = YES;
				CLANG_WARN_EMPTY_BODY = YES;
				CLANG_WARN_ENUM_CONVERSION = YES;
				CLANG_WARN_INFINITE_RECURSION = YES;
				CLANG_WARN_INT_CONVERSION = YES;
				CLANG_WARN_NON_LITERAL_NULL_CONVERSION = YES;
				CLANG_WARN_OBJC_IMPLICIT_RETAIN_SELF = YES;
				CLANG_WARN_OBJC_LITERAL_CONVERSION = YES;
				CLANG_WARN_OBJC_ROOT_CLASS = YES_ERROR;
				CLANG_WARN_RANGE_LOOP_ANALYSIS = YES;
				CLANG_WARN_STRICT_PROTOTYPES = YES;
				CLANG_WARN_SUSPICIOUS_MOVE = YES;
				CLANG_WARN_UNGUARDED_AVAILABILITY = YES_AGGRESSIVE;
				CLANG_WARN_UNREACHABLE_CODE = YES;
				CLANG_WARN__DUPLICATE_METHOD_MATCH = YES;
				COPY_PHASE_STRIP = NO;
				DEBUG_INFORMATION_FORMAT = dwarf;
				ENABLE_STRICT_OBJC_MSGSEND = YES;
				ENABLE_TESTABILITY = YES;
				GCC_C_LANGUAGE_STANDARD = gnu11;
				GCC_DYNAMIC_NO_PIC = NO;
				GCC_NO_COMMON_BLOCKS = YES;
				GCC_OPTIMIZATION_LEVEL = 0;
				GCC_PREPROCESSOR_DEFINITIONS = (
					"DEBUG=1",
					"$(inherited)",
				);
				GCC_WARN_64_TO_32_BIT_CONVERSION = YES;
				GCC_WARN_ABOUT_RETURN_TYPE = YES_ERROR;
				GCC_WARN_UNDECLARED_SELECTOR = YES;
				GCC_WARN_UNINITIALIZED_AUTOS = YES_AGGRESSIVE;
				GCC_WARN_UNUSED_FUNCTION = YES;
				GCC_WARN_UNUSED_VARIABLE = YES;
				IPHONEOS_DEPLOYMENT_TARGET = 13.2;
				MTL_ENABLE_DEBUG_INFO = INCLUDE_SOURCE;
				MTL_FAST_MATH = YES;
				ONLY_ACTIVE_ARCH = YES;
				SDKROOT = iphoneos;
				SWIFT_ACTIVE_COMPILATION_CONDITIONS = DEBUG;
				SWIFT_OPTIMIZATION_LEVEL = "-Onone";
			};
			name = Debug;
		};
		DB4515CD2AF1A8AA00BA9876 /* Release */ = {
			isa = XCBuildConfiguration;
			buildSettings = {
				ALWAYS_SEARCH_USER_PATHS = NO;
				CLANG_ANALYZER_NONNULL = YES;
				CLANG_ANALYZER_NUMBER_OBJECT_CONVERSION = YES_AGGRESSIVE;
				CLANG_CXX_LANGUAGE_STANDARD = "gnu++14";
				CLANG_CXX_LIBRARY = "libc++";
				CLANG_ENABLE_MODULES = YES;
				CLANG_ENABLE_OBJC_ARC = YES;
				CLANG_ENABLE_OBJC_WEAK = YES;
				CLANG_WARN_BLOCK_CAPTURE_AUTORELEASING = YES;
				CLANG_WARN_BOOL_CONVERSION = YES;
				CLANG_WARN_COMMA = YES;
				CLANG_WARN_CONSTANT_CONVERSION = YES;
				CLANG_WARN_DEPRECATED_OBJC_IMPLEMENTATIONS = YES;
				CLANG_WARN_DIRECT_OBJC_ISA_USAGE = YES_ERROR;
				CLANG_WARN_DOCUMENTATION_COMMENTS = YES;
				CLANG_WARN_EMPTY_BODY = YES;
				CLANG_WARN_ENUM_CONVERSION = YES;
				CLANG_WARN_INFINITE_RECURSION = YES;
				CLANG_WARN_INT_CONVERSION = YES;
				CLANG_WARN_NON_LITERAL_NULL_CONVERSION = YES;
				CLANG_WARN_OBJC_IMPLICIT_RETAIN_SELF = YES;
				CLANG_WARN_OBJC_LITERAL_CONVERSION = YES;
				CLANG_WARN_OBJC_ROOT_CLASS = YES_ERROR;
				CLANG_WARN_RANGE_LOOP_ANALYSIS = YES;
				CLANG_WARN_STRICT_PROTOTYPES = YES;
				CLANG_WARN_SUSPICIOUS_MOVE = YES;
				CLANG_WARN_UNGUARDED_AVAILABILITY = YES_AGGRESSIVE;
				CLANG_WARN_UNREACHABLE_CODE = YES;
				CLANG_WARN__DUPLICATE_METHOD_MATCH = YES;
				COPY_PHASE_STRIP = NO;
				DEBUG_INFORMATION_FORMAT = "dwarf-with-dsym";
				ENABLE_NS_ASSERTIONS = NO;
				ENABLE_STRICT_OBJC_MSGSEND = YES;
				GCC_C_LANGUAGE_STANDARD = gnu11;
				GCC_NO_COMMON_BLOCKS = YES;
				GCC_WARN_64_TO_32_BIT_CONVERSION = YES;
				GCC_WARN_ABOUT_RETURN_TYPE = YES_ERROR;
				GCC_WARN_UNDECLARED_SELECTOR = YES;
				GCC_WARN_UNINITIALIZED_AUTOS = YES_AGGRESSIVE;
				GCC_WARN_UNUSED_FUNCTION = YES;
				GCC_WARN_UNUSED_VARIABLE = YES;
				IPHONEOS_DEPLOYMENT_TARGET = 13.2;
				MTL_ENABLE_DEBUG_INFO = NO;
				MTL_FAST_MATH = YES;
				SDKROOT = iphoneos;
				SWIFT_COMPILATION_MODE = wholemodule;
				SWIFT_OPTIMIZATION_LEVEL = "-O";
				VALIDATE_PRODUCT = YES;
			};
			name = Release;
		};
		DB4515CF2AF1A8AA00BA9876 /* Debug */ = {
			isa = XCBuildConfiguration;
			baseConfigurationReference = 42AC99477139A832132CE4A3 /* Pods-lab11-snaptchat.debug.xcconfig */;
			buildSettings = {
				ASSETCATALOG_COMPILER_APPICON_NAME = AppIcon;
				CODE_SIGN_STYLE = Automatic;
				INFOPLIST_FILE = "lab11-snaptchat/Info.plist";
				LD_RUNPATH_SEARCH_PATHS = (
					"$(inherited)",
					"@executable_path/Frameworks",
				);
				PRODUCT_BUNDLE_IDENTIFIER = cesar.com.SnapChat;
				PRODUCT_NAME = "$(TARGET_NAME)";
				SWIFT_VERSION = 5.0;
				TARGETED_DEVICE_FAMILY = "1,2";
			};
			name = Debug;
		};
		DB4515D02AF1A8AA00BA9876 /* Release */ = {
			isa = XCBuildConfiguration;
			baseConfigurationReference = 48736DAF62F30FF92C807A1D /* Pods-lab11-snaptchat.release.xcconfig */;
			buildSettings = {
				ASSETCATALOG_COMPILER_APPICON_NAME = AppIcon;
				CODE_SIGN_STYLE = Automatic;
				INFOPLIST_FILE = "lab11-snaptchat/Info.plist";
				LD_RUNPATH_SEARCH_PATHS = (
					"$(inherited)",
					"@executable_path/Frameworks",
				);
				PRODUCT_BUNDLE_IDENTIFIER = cesar.com.SnapChat;
				PRODUCT_NAME = "$(TARGET_NAME)";
				SWIFT_VERSION = 5.0;
				TARGETED_DEVICE_FAMILY = "1,2";
			};
			name = Release;
		};
/* End XCBuildConfiguration section */

/* Begin XCConfigurationList section */
		DB4515B52AF1A8A300BA9876 /* Build configuration list for PBXProject "lab11-snaptchat" */ = {
			isa = XCConfigurationList;
			buildConfigurations = (
				DB4515CC2AF1A8AA00BA9876 /* Debug */,
				DB4515CD2AF1A8AA00BA9876 /* Release */,
			);
			defaultConfigurationIsVisible = 0;
			defaultConfigurationName = Release;
		};
		DB4515CE2AF1A8AA00BA9876 /* Build configuration list for PBXNativeTarget "lab11-snaptchat" */ = {
			isa = XCConfigurationList;
			buildConfigurations = (
				DB4515CF2AF1A8AA00BA9876 /* Debug */,
				DB4515D02AF1A8AA00BA9876 /* Release */,
			);
			defaultConfigurationIsVisible = 0;
			defaultConfigurationName = Release;
		};
/* End XCConfigurationList section */
	};
	rootObject = DB4515B22AF1A8A300BA9876 /* Project object */;
}
